
Microsoft Visual Studio Solution File, Format Version 12.00
# Visual Studio 15
VisualStudioVersion = 15.0.28010.0
MinimumVisualStudioVersion = 10.0.40219.1
Project("{FAE04EC0-301F-11D3-BF4B-00C04F79EFBC}") = "TruckSimBindings", "TruckSimBindings.csproj", "{314993F1-B637-422C-B93F-1D05C4A0FFCC}"
EndProject
Global
	GlobalSection(SolutionConfigurationPlatforms) = preSolution
		Debug|Any CPU = Debug|Any CPU
		Release|Any CPU = Release|Any CPU
	EndGlobalSection
	GlobalSection(ProjectConfigurationPlatforms) = postSolution
		{314993F1-B637-422C-B93F-1D05C4A0FFCC}.Debug|Any CPU.ActiveCfg = Debug|Any CPU
		{314993F1-B637-422C-B93F-1D05C4A0FFCC}.Debug|Any CPU.Build.0 = Debug|Any CPU
		{314993F1-B637-422C-B93F-1D05C4A0FFCC}.Release|Any CPU.ActiveCfg = Release|Any CPU
		{314993F1-B637-422C-B93F-1D05C4A0FFCC}.Release|Any CPU.Build.0 = Release|Any CPU
	EndGlobalSection
	GlobalSection(SolutionProperties) = preSolution
		HideSolutionNode = FALSE
	EndGlobalSection
	GlobalSection(ExtensibilityGlobals) = postSolution
		SolutionGuid = {EA912673-1B1C-4BD7-9E52-509C184F7467}
	EndGlobalSection
EndGlobal
